# Node.js / NPM / React / Next.js / Expo
- node_modules/**
- .npm/**
- npm-debug.log*
- .eslintcache
- .stylelintcache
- .next/**
- .parcel-cache/**
- .expo/**
- .expo-shared/**
- .turbo/**
- .nuxt/**
- .output/**
- *.hbc
# Android (React Native / Expo)
- .gradle/**
- .cxx/**
- CMakeFiles/**
- android/build/**
- android/app/build/**
# iOS (React Native / Expo)
- ios/Pods/**
- ios/build/**
- ios/DerivedData/**
