# Node.js / NPM / React / Next.js / Expo
- node_modules/**
- .npm/**
- npm-debug.log*
- .eslintcache
- .stylelintcache
- .next/**
- dist/**
- build/**
- out/**
- .parcel-cache/**
- .expo/**
- .expo-shared/**
- android/.gradle/**
- android/.cxx/**
- android/build/**
- android/app/build/**
- ios/Pods/**
- ios/build/**
- ios/DerivedData/**
- *.hbc
